github.com/DavidGamba/go-getoptions v0.29.0 h1:cU8MjOyfAyPZke4hrgEuiGBJHS9PFYPAHve2fhDhdDk=
github.com/DavidGamba/go-getoptions v0.29.0/go.mod h1:zE97E3PR9P3BI/HKyNYgdMlYxodcuiC6W68KIgeYT84=
github.com/aws/aws-sdk-go-v2 v1.22.2 h1:lV0U8fnhAnPz8YcdmZVV60+tr6CakHzqA6P8T46ExJI=
github.com/aws/aws-sdk-go-v2 v1.22.2/go.mod h1:Kd0OJtkW3Q0M0lUWGszapWjEvrXDzRW+D21JNsroB+c=
github.com/aws/aws-sdk-go-v2 v1.23.0 h1:PiHAzmiQQr6JULBUdvR8fKlA+UPKLT/8KbiqpFBWiAo=
github.com/aws/aws-sdk-go-v2 v1.23.0/go.mod h1:i1XDttT4rnf6vxc9AuskLc6s7XBee8rlLilKlc03uAA=
github.com/aws/aws-sdk-go-v2/aws/protocol/eventstream v1.5.0 h1:hHgLiIrTRtddC0AKcJr5s7i/hLgcpTt+q/FKxf1Zayk=
github.com/aws/aws-sdk-go-v2/aws/protocol/eventstream v1.5.0/go.mod h1:w4I/v3NOWgD+qvs1NPEwhd++1h3XPHFaVxasfY6HlYQ=
github.com/aws/aws-sdk-go-v2/aws/protocol/eventstream v1.5.1 h1:ZY3108YtBNq96jNZTICHxN1gSBSbnvIdYwwqnvCV4Mc=
github.com/aws/aws-sdk-go-v2/aws/protocol/eventstream v1.5.1/go.mod h1:t8PYl/6LzdAqsU4/9tz28V/kU+asFePvpOMkdul0gEQ=
github.com/aws/aws-sdk-go-v2/config v1.23.0 h1:kqzEfGGDIrRJpfJckgwuZfFTbU9NB1jZnRcaO9MpOqE=
github.com/aws/aws-sdk-go-v2/config v1.23.0/go.mod h1:p7wbxKXXjS1GGQOss7VXOazVMFF9bjUGq85/4wR/fSw=
github.com/aws/aws-sdk-go-v2/config v1.25.3 h1:E4m9LbwJOoncDNt3e9MPLbz/saxWcGUlZVBydydD6+8=
github.com/aws/aws-sdk-go-v2/config v1.25.3/go.mod h1:tAByZy03nH5jcq0vZmkcVoo6tRzRHEwSFx3QW4NmDw8=
github.com/aws/aws-sdk-go-v2/credentials v1.15.2 h1:rKH7khRMxPdD0u3dHecd0Q7NOVw3EUe7AqdkUOkiOGI=
github.com/aws/aws-sdk-go-v2/credentials v1.15.2/go.mod h1:tXM8wmaeAhfC7nZoCxb0FzM/aRaB1m1WQ7x0qlBLq80=
github.com/aws/aws-sdk-go-v2/credentials v1.16.2 h1:0sdZ5cwfOAipTzZ7eOL0gw4LAhk/RZnTa16cDqIt8tg=
github.com/aws/aws-sdk-go-v2/credentials v1.16.2/go.mod h1:sDdvGhXrSVT5yzBDR7qXz+rhbpiMpUYfF3vJ01QSdrc=
github.com/aws/aws-sdk-go-v2/feature/ec2/imds v1.14.3 h1:G5KawTAkyHH6WyKQCdHiW4h3PmAXNJpOgwKg3H7sDRE=
github.com/aws/aws-sdk-go-v2/feature/ec2/imds v1.14.3/go.mod h1:hugKmSFnZB+HgNI1sYGT14BUPZkO6alC/e0AWu+0IAQ=
github.com/aws/aws-sdk-go-v2/feature/ec2/imds v1.14.4 h1:9wKDWEjwSnXZre0/O3+ZwbBl1SmlgWYBbrTV10X/H1s=
github.com/aws/aws-sdk-go-v2/feature/ec2/imds v1.14.4/go.mod h1:t4i+yGHMCcUNIX1x7YVYa6bH/Do7civ5I6cG/6PMfyA=
github.com/aws/aws-sdk-go-v2/internal/configsources v1.2.2 h1:AaQsr5vvGR7rmeSWBtTCcw16tT9r51mWijuCQhzLnq8=
github.com/aws/aws-sdk-go-v2/internal/configsources v1.2.2/go.mod h1:o1IiRn7CWocIFTXJjGKJDOwxv1ibL53NpcvcqGWyRBA=
github.com/aws/aws-sdk-go-v2/internal/configsources v1.2.3 h1:DUwbD79T8gyQ23qVXFUthjzVMTviSHi3y4z58KvghhM=
github.com/aws/aws-sdk-go-v2/internal/configsources v1.2.3/go.mod h1:7sGSz1JCKHWWBHq98m6sMtWQikmYPpxjqOydDemiVoM=
github.com/aws/aws-sdk-go-v2/internal/endpoints/v2 v2.5.2 h1:UZx8SXZ0YtzRiALzYAWcjb9Y9hZUR7MBKaBQ5ouOjPs=
github.com/aws/aws-sdk-go-v2/internal/endpoints/v2 v2.5.2/go.mod h1:ipuRpcSaklmxR6C39G187TpBAO132gUfleTGccUPs8c=
github.com/aws/aws-sdk-go-v2/internal/endpoints/v2 v2.5.3 h1:AplLJCtIaUZDCbr6+gLYdsYNxne4iuaboJhVt9d+WXI=
github.com/aws/aws-sdk-go-v2/internal/endpoints/v2 v2.5.3/go.mod h1:ify42Rb7nKeDDPkFjKn7q1bPscVPu/+gmHH8d2c+anU=
github.com/aws/aws-sdk-go-v2/internal/ini v1.6.0 h1:hwZB07/beLiCopuRKF0t+dEHmP39iN4YtDh3X5d3hrg=
github.com/aws/aws-sdk-go-v2/internal/ini v1.6.0/go.mod h1:rdAuXeHWhI/zkpYcO5n8WCpaIgY9MUxFyBsuqq3kjyA=
github.com/aws/aws-sdk-go-v2/internal/ini v1.7.1 h1:uR9lXYjdPX0xY+NhvaJ4dD8rpSRz5VY81ccIIoNG+lw=
github.com/aws/aws-sdk-go-v2/internal/ini v1.7.1/go.mod h1:6fQQgfuGmw8Al/3M2IgIllycxV7ZW7WCdVSqfBeUiCY=
github.com/aws/aws-sdk-go-v2/internal/v4a v1.2.2 h1:pyVrNAf7Hwz0u39dLKN5t+n0+K/3rMYKuiOoIum3AsU=
github.com/aws/aws-sdk-go-v2/internal/v4a v1.2.2/go.mod h1:mydrfOb9uiOYCxuCPR8YHQNQyGQwUQ7gPMZGBKbH8NY=
github.com/aws/aws-sdk-go-v2/internal/v4a v1.2.3 h1:lMwCXiWJlrtZot0NJTjbC8G9zl+V3i68gBTBBvDeEXA=
github.com/aws/aws-sdk-go-v2/internal/v4a v1.2.3/go.mod h1:5yzAuE9i2RkVAttBl8yxZgQr5OCq4D5yDnG7j9x2L0U=
github.com/aws/aws-sdk-go-v2/service/internal/accept-encoding v1.10.0 h1:CJxo7ZBbaIzmXfV3hjcx36n9V87gJsIUPJflwqEHl3Q=
github.com/aws/aws-sdk-go-v2/service/internal/accept-encoding v1.10.0/go.mod h1:yjVfjuY4nD1EW9i387Kau+I6V5cBA5YnC/mWNopjZrI=
github.com/aws/aws-sdk-go-v2/service/internal/accept-encoding v1.10.1 h1:rpkF4n0CyFcrJUG/rNNohoTmhtWlFTRI4BsZOh9PvLs=
github.com/aws/aws-sdk-go-v2/service/internal/accept-encoding v1.10.1/go.mod h1:l9ymW25HOqymeU2m1gbUQ3rUIsTwKs8gYHXkqDQUhiI=
github.com/aws/aws-sdk-go-v2/service/internal/checksum v1.2.2 h1:f2LhPofnjcdOQKRtumKjMvIHkfSQ8aH/rwKUDEQ/SB4=
github.com/aws/aws-sdk-go-v2/service/internal/checksum v1.2.2/go.mod h1:q+xX0H4OfuWDuBy7y/LDi4v8IBOWuF+vtp8Z6ex+lw4=
github.com/aws/aws-sdk-go-v2/service/internal/checksum v1.2.3 h1:xbwRyCy7kXrOj89iIKLB6NfE2WCpP9HoKyk8dMDvnIQ=
github.com/aws/aws-sdk-go-v2/service/internal/checksum v1.2.3/go.mod h1:R+/S1O4TYpcktbVwddeOYg+uwUfLhADP2S/x4QwsCTM=
github.com/aws/aws-sdk-go-v2/service/internal/presigned-url v1.10.2 h1:h7j73yuAVVjic8pqswh+L/7r2IHP43QwRyOu6zcCDDE=
github.com/aws/aws-sdk-go-v2/service/internal/presigned-url v1.10.2/go.mod h1:H07AHdK5LSy8F7EJUQhoxyiCNkePoHj2D8P2yGTWafo=
github.com/aws/aws-sdk-go-v2/service/internal/presigned-url v1.10.3 h1:kJOolE8xBAD13xTCgOakByZkyP4D/owNmvEiioeUNAg=
github.com/aws/aws-sdk-go-v2/service/internal/presigned-url v1.10.3/go.mod h1:Owv1I59vaghv1Ax8zz8ELY8DN7/Y0rGS+WWAmjgi950=
github.com/aws/aws-sdk-go-v2/service/internal/s3shared v1.16.2 h1:gbIaOzpXixUpoPK+js/bCBK1QBDXM22SigsnzGZio0U=
github.com/aws/aws-sdk-go-v2/service/internal/s3shared v1.16.2/go.mod h1:p+S7RNbdGN8qgHDSg2SCQJ9FeMAmvcETQiVpeGhYnNM=
github.com/aws/aws-sdk-go-v2/service/internal/s3shared v1.16.3 h1:KV0z2RDc7euMtg8aUT1czv5p29zcLlXALNFsd3jkkEc=
github.com/aws/aws-sdk-go-v2/service/internal/s3shared v1.16.3/go.mod h1:KZgs2ny8HsxRIRbDwgvJcHHBZPOzQr/+NtGwnP+w2ec=
github.com/aws/aws-sdk-go-v2/service/s3 v1.42.1 h1:o6MCcX1rJW8Y3g+hvg2xpjF6JR6DftuYhfl3Nc1WV9Q=
github.com/aws/aws-sdk-go-v2/service/s3 v1.42.1/go.mod h1:UDtxEWbREX6y4KREapT+jjtjoH0TiVSS6f5nfaY1UaM=
github.com/aws/aws-sdk-go-v2/service/s3 v1.43.0 h1:cwTuq73Tv6jtNJIMgTDKsih5O2YsVrKGpg20H98tbmo=
github.com/aws/aws-sdk-go-v2/service/s3 v1.43.0/go.mod h1:NXRKkiRF+erX2hnybnVU660cYT5/KChRD4iUgJ97cI8=
github.com/aws/aws-sdk-go-v2/service/sso v1.17.1 h1:km+ZNjtLtpXYf42RdaDZnNHm9s7SYAuDGTafy6nd89A=
github.com/aws/aws-sdk-go-v2/service/sso v1.17.1/go.mod h1:aHBr3pvBSD5MbzOvQtYutyPLLRPbl/y9x86XyJJnUXQ=
github.com/aws/aws-sdk-go-v2/service/sso v1.17.2 h1:V47N5eKgVZoRSvx2+RQ0EpAEit/pqOhqeSQFiS4OFEQ=
github.com/aws/aws-sdk-go-v2/service/sso v1.17.2/go.mod h1:/pE21vno3q1h4bbhUOEi+6Zu/aT26UK2WKkDXd+TssQ=
github.com/aws/aws-sdk-go-v2/service/ssooidc v1.19.1 h1:iRFNqZH4a67IqPvK8xxtyQYnyrlsvwmpHOe9r55ggBA=
github.com/aws/aws-sdk-go-v2/service/ssooidc v1.19.1/go.mod h1:pTy5WM+6sNv2tB24JNKFtn6EvciQ5k40ZJ0pq/Iaxj0=
github.com/aws/aws-sdk-go-v2/service/ssooidc v1.20.0 h1:/XiEU7VIFcVWRDQLabyrSjBoKIm8UkYgsvWDuFW8Img=
github.com/aws/aws-sdk-go-v2/service/ssooidc v1.20.0/go.mod h1:dWqm5G767qwKPuayKfzm4rjzFmVjiBFbOJrpSPnAMDs=
github.com/aws/aws-sdk-go-v2/service/sts v1.25.1 h1:txgVXIXWPXyqdiVn92BV6a/rgtpX31HYdsOYj0sVQQQ=
github.com/aws/aws-sdk-go-v2/service/sts v1.25.1/go.mod h1:VAiJiNaoP1L89STFlEMgmHX1bKixY+FaP+TpRFrmyZ4=
github.com/aws/aws-sdk-go-v2/service/sts v1.25.3 h1:M2w4kiMGJCCM6Ljmmx/l6mmpfa3gPJVpBencfnsgvqs=
github.com/aws/aws-sdk-go-v2/service/sts v1.25.3/go.mod h1:4EqRHDCKP78hq3zOnmFXu5k0j4bXbRFfCh/zQ6KnEfQ=
github.com/aws/smithy-go v1.16.0 h1:gJZEH/Fqh+RsvlJ1Zt4tVAtV6bKkp3cC+R6FCZMNzik=
github.com/aws/smithy-go v1.16.0/go.mod h1:NukqUGpCZIILqqiV0NIjeFh24kd/FAa4beRb6nbIUPE=
github.com/aws/smithy-go v1.17.0 h1:wWJD7LX6PBV6etBUwO0zElG0nWN9rUhp0WdYeHSHAaI=
github.com/aws/smithy-go v1.17.0/go.mod h1:NukqUGpCZIILqqiV0NIjeFh24kd/FAa4beRb6nbIUPE=
github.com/davecgh/go-spew v1.1.0/go.mod h1:J7Y8YcW2NihsgmVo/mv3lAwl/skON4iLHjSsI+c5H38=
github.com/davecgh/go-spew v1.1.1 h1:vj9j/u1bqnvCEfJOwUhtlOARqs3+rkHYY13jYWTU97c=
github.com/davecgh/go-spew v1.1.1/go.mod h1:J7Y8YcW2NihsgmVo/mv3lAwl/skON4iLHjSsI+c5H38=
github.com/google/go-cmp v0.5.8 h1:e6P7q2lk1O+qJJb4BtCQXlK8vWEO8V1ZeuEdJNOqZyg=
github.com/google/uuid v1.3.1 h1:KjJaJ9iWZ3jOFZIf1Lqf4laDRCasjl0BCmnEGxkdLb4=
github.com/google/uuid v1.3.1/go.mod h1:TIyPZe4MgqvfeYDBFedMoGGpEw/LqOeaOT+nhxU+yHo=
github.com/google/uuid v1.4.0 h1:MtMxsa51/r9yyhkyLsVeVt0B+BGQZzpQiTQ4eHZ8bc4=
github.com/google/uuid v1.4.0/go.mod h1:TIyPZe4MgqvfeYDBFedMoGGpEw/LqOeaOT+nhxU+yHo=
github.com/hashicorp/errwrap v1.0.0/go.mod h1:YH+1FKiLXxHSkmPseP+kNlulaMuP3n2brvKWEqk/Jc4=
github.com/hashicorp/errwrap v1.1.0 h1:OxrOeh75EUXMY8TBjag2fzXGZ40LB6IKw45YeGUDY2I=
github.com/hashicorp/errwrap v1.1.0/go.mod h1:YH+1FKiLXxHSkmPseP+kNlulaMuP3n2brvKWEqk/Jc4=
github.com/hashicorp/go-multierror v1.1.1 h1:H5DkEtf6CXdFp0N0Em5UCwQpXMWke8IA0+lD48awMYo=
github.com/hashicorp/go-multierror v1.1.1/go.mod h1:iw975J/qwKPdAO1clOe2L8331t/9/fmwbPZ6JB6eMoM=
github.com/jlaffaye/ftp v0.2.0 h1:lXNvW7cBu7R/68bknOX3MrRIIqZ61zELs1P2RAiA3lg=
github.com/jlaffaye/ftp v0.2.0/go.mod h1:is2Ds5qkhceAPy2xD6RLI6hmp/qysSoymZ+Z2uTnspI=
github.com/k0kubun/go-ansi v0.0.0-20180517002512-3bf9e2903213 h1:qGQQKEcAR99REcMpsXCp3lJ03zYT1PkRd3kQGPn9GVg=
github.com/k0kubun/go-ansi v0.0.0-20180517002512-3bf9e2903213/go.mod h1:vNUNkEQ1e29fT/6vq2aBdFsgNPmy8qMdSay1npru+Sw=
github.com/kr/fs v0.1.0 h1:Jskdu9ieNAYnjxsi0LbQp1ulIKZV1LAFgK1tWhpZgl8=
github.com/kr/fs v0.1.0/go.mod h1:FFnZGqtBN9Gxj7eW1uZ42v5BccTP0vu6NEaFoC2HwRg=
github.com/mattn/go-isatty v0.0.17/go.mod h1:kYGgaQfpe5nmfYZH+SKPsOc2e4SrIfOl2e/yFXSvRLM=
github.com/mattn/go-isatty v0.0.19 h1:JITubQf0MOLdlGRuRq+jtsDlekdYPia9ZFsB8h/APPA=
github.com/mattn/go-isatty v0.0.19/go.mod h1:W+V8PltTTMOvKvAeJH7IuucS94S2C6jfK/D7dTCTo3Y=
github.com/mattn/go-isatty v0.0.20 h1:xfD0iDuEKnDkl03q4limB+vH+GxLEtL/jb4xVJSWWEY=
github.com/mattn/go-isatty v0.0.20/go.mod h1:W+V8PltTTMOvKvAeJH7IuucS94S2C6jfK/D7dTCTo3Y=
github.com/mattn/go-runewidth v0.0.14/go.mod h1:Jdepj2loyihRzMpdS35Xk/zdY8IAYHsh153qUoGf23w=
github.com/mattn/go-runewidth v0.0.15 h1:UNAjwbU9l54TA3KzvqLGxwWjHmMgBUVhBiTjelZgg3U=
github.com/mattn/go-runewidth v0.0.15/go.mod h1:Jdepj2loyihRzMpdS35Xk/zdY8IAYHsh153qUoGf23w=
github.com/mitchellh/colorstring v0.0.0-20190213212951-d06e56a500db h1:62I3jR2EmQ4l5rM/4FEfDWcRD+abF5XlKShorW5LRoQ=
github.com/mitchellh/colorstring v0.0.0-20190213212951-d06e56a500db/go.mod h1:l0dey0ia/Uv7NcFFVbCLtqEBQbrT4OCwCSKTEv6enCw=
github.com/pkg/sftp v1.13.6 h1:JFZT4XbOU7l77xGSpOdW+pwIMqP044IyjXX6FGyEKFo=
github.com/pkg/sftp v1.13.6/go.mod h1:tz1ryNURKu77RL+GuCzmoJYxQczL3wLNNpPWagdg4Qk=
github.com/pmezard/go-difflib v1.0.0 h1:4DBwDE0NGyQoBHbLQYPwSUPoCMWR5BEzIk/f1lZbAQM=
github.com/pmezard/go-difflib v1.0.0/go.mod h1:iKH77koFhYxTK1pcRnkKkqfTogsbg7gZNVY4sRDYZ/4=
github.com/rivo/uniseg v0.2.0/go.mod h1:J6wj4VEh+S6ZtnVlnTBMWIodfgj8LQOQFoIToxlJtxc=
github.com/rivo/uniseg v0.4.4 h1:8TfxU8dW6PdqD27gjM8MVNuicgxIjxpm4K7x4jp8sis=
github.com/rivo/uniseg v0.4.4/go.mod h1:FN3SvrM+Zdj16jyLfmOkMNblXMcoc8DfTHruCPUcx88=
github.com/schollz/progressbar/v3 v3.13.1 h1:o8rySDYiQ59Mwzy2FELeHY5ZARXZTVJC7iHD6PEFUiE=
github.com/schollz/progressbar/v3 v3.13.1/go.mod h1:xvrbki8kfT1fzWzBT/UZd9L6GA+jdL7HAgq2RFnO6fQ=
github.com/schollz/progressbar/v3 v3.14.1 h1:VD+MJPCr4s3wdhTc7OEJ/Z3dAeBzJ7yKH/P4lC5yRTI=
github.com/schollz/progressbar/v3 v3.14.1/go.mod h1:Zc9xXneTzWXF81TGoqL71u0sBPjULtEHYtj/WVgVy8E=
github.com/stretchr/objx v0.1.0/go.mod h1:HFkY916IF+rwdDfMAkV7OtwuqBVzrE8GR6GFx+wExME=
github.com/stretchr/objx v0.4.0/go.mod h1:YvHI0jy2hoMjB+UWwv71VJQ9isScKT/TqJzVSSt89Yw=
github.com/stretchr/testify v1.3.0/go.mod h1:M5WIy9Dh21IEIfnGCwXGc5bZfKNJtfHm1UVUgZn+9EI=
github.com/stretchr/testify v1.7.1/go.mod h1:6Fq8oRcR53rry900zMqJjRRixrwX3KX962/h/Wwjteg=
github.com/stretchr/testify v1.8.0/go.mod h1:yNjHg4UonilssWZ8iaSj1OCr/vHnekPRkoO+kdMU+MU=
github.com/stretchr/testify v1.8.3 h1:RP3t2pwF7cMEbC1dqtB6poj3niw/9gnV4Cjg5oW5gtY=
github.com/whiteshtef/clockwork v0.0.0-20200221012748-027e62affd84 h1:SpHUuP1Hj2uu/MZVKbMxKMvfH0gl8yEoa/teI+0Ufxc=
github.com/whiteshtef/clockwork v0.0.0-20200221012748-027e62affd84/go.mod h1:6o8H8sci2q3QxZ4p/U88ggqZuhY3mg34+WE5BuazLsU=
github.com/yuin/goldmark v1.4.13/go.mod h1:6yULJ656Px+3vBD8DxQVa3kxgyrAnzto9xy5taEt/CY=
go.uber.org/goleak v1.2.0 h1:xqgm/S+aQvhWFTtR0XK3Jvg7z8kGV8P4X14IzwN3Eqk=
go.uber.org/multierr v1.11.0 h1:blXXJkSxSSfBVBlC76pxqeO+LN3aDfLQo+309xJstO0=
go.uber.org/multierr v1.11.0/go.mod h1:20+QtiLqy0Nd6FdQB9TLXag12DsQkrbs3htMFfDN80Y=
go.uber.org/zap v1.26.0 h1:sI7k6L95XOKS281NhVKOFCUNIvv9e0w4BF8N3u+tCRo=
go.uber.org/zap v1.26.0/go.mod h1:dtElttAiwGvoJ/vj4IwHBS/gXsEu/pZ50mUIRWuG0so=
golang.org/x/crypto v0.0.0-20190308221718-c2843e01d9a2/go.mod h1:djNgcEr1/C05ACkg1iLfiJU5Ep61QUkGW8qpdssI0+w=
golang.org/x/crypto v0.0.0-20210921155107-089bfa567519/go.mod h1:GvvjBRRGRdwPK5ydBHafDWAxML/pGHZbMvKqRZ5+Abc=
golang.org/x/crypto v0.1.0/go.mod h1:RecgLatLF4+eUMCP1PoPZQb+cVrJcOPbHkTkbkB9sbw=
golang.org/x/crypto v0.14.0 h1:wBqGXzWJW6m1XrIKlAH0Hs1JJ7+9KBwnIO8v66Q9cHc=
golang.org/x/crypto v0.14.0/go.mod h1:MVFd36DqK4CsrnJYDkBA3VC4m2GkXAM0PvzMCn4JQf4=
golang.org/x/crypto v0.15.0 h1:frVn1TEaCEaZcn3Tmd7Y2b5KKPaZ+I32Q2OA3kYp5TA=
golang.org/x/crypto v0.15.0/go.mod h1:4ChreQoLWfG3xLDer1WdlH5NdlQ3+mwnQq1YTKY+72g=
golang.org/x/mod v0.6.0-dev.0.20220419223038-86c51ed26bb4/go.mod h1:jJ57K6gSWd91VN4djpZkiMVwK6gcyfeH4XE8wZrZaV4=
golang.org/x/net v0.0.0-20190620200207-3b0461eec859/go.mod h1:z5CRVTTTmAJ677TzLLGU+0bjPO0LkuOLi4/5GtJWs/s=
golang.org/x/net v0.0.0-20210226172049-e18ecbb05110/go.mod h1:m0MpNAwzfU5UDzcl9v0D8zg8gWTRqZa9RBIspLL5mdg=
golang.org/x/net v0.0.0-20220722155237-a158d28d115b/go.mod h1:XRhObCWvk6IyKnWLug+ECip1KBveYUHfp+8e9klMJ9c=
golang.org/x/net v0.1.0/go.mod h1:Cx3nUiGt4eDBEyega/BKRp+/AlGL8hYe7U9odMt2Cco=
golang.org/x/net v0.17.0 h1:pVaXccu2ozPjCXewfr1S7xza/zcXTity9cCdXQYSjIM=
golang.org/x/net v0.17.0/go.mod h1:NxSsAGuq816PNPmqtQdLE42eU2Fs7NoRIZrHJAlaCOE=
golang.org/x/net v0.18.0 h1:mIYleuAkSbHh0tCv7RvjL3F6ZVbLjq4+R7zbOn3Kokg=
golang.org/x/net v0.18.0/go.mod h1:/czyP5RqHAH4odGYxBJ1qz0+CE5WZ+2j1YgoEo8F2jQ=
golang.org/x/sync v0.0.0-20190423024810-112230192c58/go.mod h1:RxMgew5VJxzue5/jJTE5uejpjVlOe/izrB70Jof72aM=
golang.org/x/sync v0.0.0-20220722155255-886fb9371eb4/go.mod h1:RxMgew5VJxzue5/jJTE5uejpjVlOe/izrB70Jof72aM=
golang.org/x/sys v0.0.0-20190215142949-d0b11bdaac8a/go.mod h1:STP8DvDyc/dI5b8T5hshtkjS+E42TnysNCUPdjciGhY=
golang.org/x/sys v0.0.0-20201119102817-f84b799fce68/go.mod h1:h1NjWce9XRLGQEsW7wpKNCjG9DtNlClVuFLEZdDNbEs=
golang.org/x/sys v0.0.0-20210615035016-665e8c7367d1/go.mod h1:oPkhp1MJrh7nUepCBck5+mAzfO9JrbApNNgaTdGDITg=
golang.org/x/sys v0.0.0-20220520151302-bc2c85ada10a/go.mod h1:oPkhp1MJrh7nUepCBck5+mAzfO9JrbApNNgaTdGDITg=
golang.org/x/sys v0.0.0-20220722155257-8c9f86f7a55f/go.mod h1:oPkhp1MJrh7nUepCBck5+mAzfO9JrbApNNgaTdGDITg=
golang.org/x/sys v0.0.0-20220811171246-fbc7d0a398ab/go.mod h1:oPkhp1MJrh7nUepCBck5+mAzfO9JrbApNNgaTdGDITg=
golang.org/x/sys v0.1.0/go.mod h1:oPkhp1MJrh7nUepCBck5+mAzfO9JrbApNNgaTdGDITg=
golang.org/x/sys v0.6.0/go.mod h1:oPkhp1MJrh7nUepCBck5+mAzfO9JrbApNNgaTdGDITg=
golang.org/x/sys v0.13.0 h1:Af8nKPmuFypiUBjVoU9V20FiaFXOcuZI21p0ycVYYGE=
golang.org/x/sys v0.13.0/go.mod h1:oPkhp1MJrh7nUepCBck5+mAzfO9JrbApNNgaTdGDITg=
golang.org/x/sys v0.14.0 h1:Vz7Qs629MkJkGyHxUlRHizWJRG2j8fbQKjELVSNhy7Q=
golang.org/x/sys v0.14.0/go.mod h1:/VUhepiaJMQUp4+oa/7Zr1D23ma6VTLIYjOOTFZPUcA=
golang.org/x/term v0.0.0-20201126162022-7de9c90e9dd1/go.mod h1:bj7SfCRtBDWHUb9snDiAeCFNEtKQo2Wmx5Cou7ajbmo=
golang.org/x/term v0.0.0-20210927222741-03fcf44c2211/go.mod h1:jbD1KX2456YbFQfuXm/mYQcufACuNUgVhRMnK/tPxf8=
golang.org/x/term v0.1.0/go.mod h1:jbD1KX2456YbFQfuXm/mYQcufACuNUgVhRMnK/tPxf8=
golang.org/x/term v0.6.0/go.mod h1:m6U89DPEgQRMq3DNkDClhWw02AUbt2daBVO4cn4Hv9U=
golang.org/x/term v0.13.0 h1:bb+I9cTfFazGW51MZqBVmZy7+JEJMouUHTUSKVQLBek=
golang.org/x/term v0.13.0/go.mod h1:LTmsnFJwVN6bCy1rVCoS+qHT1HhALEFxKncY3WNNh4U=
golang.org/x/term v0.14.0 h1:LGK9IlZ8T9jvdy6cTdfKUCltatMFOehAQo9SRC46UQ8=
golang.org/x/term v0.14.0/go.mod h1:TySc+nGkYR6qt8km8wUhuFRTVSMIX3XPR58y2lC8vww=
golang.org/x/text v0.3.0/go.mod h1:NqM8EUOU14njkJ3fqMW+pc6Ldnwhi/IjpwHt7yyuwOQ=
golang.org/x/text v0.3.3/go.mod h1:5Zoc/QRtKVWzQhOtBMvqHzDpF6irO9z98xDceosuGiQ=
golang.org/x/text v0.3.7/go.mod h1:u+2+/6zg+i71rQMx5EYifcz6MCKuco9NR6JIITiCfzQ=
golang.org/x/text v0.4.0/go.mod h1:mrYo+phRRbMaCq/xk9113O4dZlRixOauAjOtrjsXDZ8=
golang.org/x/tools v0.0.0-20180917221912-90fa682c2a6e/go.mod h1:n7NCudcB/nEzxVGmLbDWY5pfWTLqBcC2KZ6jyYvM4mQ=
golang.org/x/tools v0.0.0-20191119224855-298f0cb1881e/go.mod h1:b+2E5dAYhXwXZwtnZ6UAqBI28+e2cm9otk0dWdXHAEo=
golang.org/x/tools v0.1.12/go.mod h1:hNGJHUnrk76NpqgfD5Aqm5Crs+Hm0VOH/i9J2+nxYbc=
golang.org/x/xerrors v0.0.0-20190717185122-a985d3407aa7/go.mod h1:I/5z698sn9Ka8TeJc9MKroUUfqBBauWjQqLJ2OPfmY0=
gopkg.in/check.v1 v0.0.0-20161208181325-20d25e280405/go.mod h1:Co6ibVJAznAaIkqp8huTwlJQCZ016jof/cbN4VW5Yz0=
gopkg.in/yaml.v3 v3.0.0-20200313102051-9f266ea9e77c/go.mod h1:K4uyk7z7BCEPqu6E+C64Yfv1cQ7kz7rIZviUmN+EgEM=
gopkg.in/yaml.v3 v3.0.1 h1:fxVm/GzAzEWqLHuvctI91KS9hhNmmWOoWu0XTYJS7CA=
gopkg.in/yaml.v3 v3.0.1/go.mod h1:K4uyk7z7BCEPqu6E+C64Yfv1cQ7kz7rIZviUmN+EgEM=
